
Microsoft Visual Studio Solution File, Format Version 12.00
# Visual Studio 15
VisualStudioVersion = 15.0.27004.2002
MinimumVisualStudioVersion = 10.0.40219.1
Project("{FAE04EC0-301F-11D3-BF4B-00C04F79EFBC}") = "02OddOccurrences", "02OddOccurrences\02OddOccurrences.csproj", "{F5CC0113-82D2-483A-950A-AB30F00AE3A7}"
EndProject
Project("{FAE04EC0-301F-11D3-BF4B-00C04F79EFBC}") = "01CountRealNumbers", "01CountRealNumbers\01CountRealNumbers.csproj", "{6D3F23C6-24C5-45F9-8775-348096054ABA}"
EndProject
Project("{FAE04EC0-301F-11D3-BF4B-00C04F79EFBC}") = "03SumMinMaxAverage", "03SumMinMaxAverage\03SumMinMaxAverage.csproj", "{EF7E204A-95C9-4671-AA49-752CC29B919F}"
EndProject
Project("{FAE04EC0-301F-11D3-BF4B-00C04F79EFBC}") = "04Largest3Numbers", "04Largest3Numbers\04Largest3Numbers.csproj", "{A78D2D44-4991-469C-894D-0EF9D0F6EF67}"
EndProject
Project("{FAE04EC0-301F-11D3-BF4B-00C04F79EFBC}") = "05ShortWordsSorted", "05ShortWordsSorted\05ShortWordsSorted.csproj", "{02154EF5-DB86-45D7-BF9F-2BB6DF4D6F23}"
EndProject
Project("{FAE04EC0-301F-11D3-BF4B-00C04F79EFBC}") = "06FoldAndSum", "06FoldAndSum\06FoldAndSum.csproj", "{B0DE9A2F-404D-41CF-AA91-C12A7AD0A20D}"
EndProject
Global
	GlobalSection(SolutionConfigurationPlatforms) = preSolution
		Debug|Any CPU = Debug|Any CPU
		Release|Any CPU = Release|Any CPU
	EndGlobalSection
	GlobalSection(ProjectConfigurationPlatforms) = postSolution
		{F5CC0113-82D2-483A-950A-AB30F00AE3A7}.Debug|Any CPU.ActiveCfg = Debug|Any CPU
		{F5CC0113-82D2-483A-950A-AB30F00AE3A7}.Debug|Any CPU.Build.0 = Debug|Any CPU
		{F5CC0113-82D2-483A-950A-AB30F00AE3A7}.Release|Any CPU.ActiveCfg = Release|Any CPU
		{F5CC0113-82D2-483A-950A-AB30F00AE3A7}.Release|Any CPU.Build.0 = Release|Any CPU
		{6D3F23C6-24C5-45F9-8775-348096054ABA}.Debug|Any CPU.ActiveCfg = Debug|Any CPU
		{6D3F23C6-24C5-45F9-8775-348096054ABA}.Debug|Any CPU.Build.0 = Debug|Any CPU
		{6D3F23C6-24C5-45F9-8775-348096054ABA}.Release|Any CPU.ActiveCfg = Release|Any CPU
		{6D3F23C6-24C5-45F9-8775-348096054ABA}.Release|Any CPU.Build.0 = Release|Any CPU
		{EF7E204A-95C9-4671-AA49-752CC29B919F}.Debug|Any CPU.ActiveCfg = Debug|Any CPU
		{EF7E204A-95C9-4671-AA49-752CC29B919F}.Debug|Any CPU.Build.0 = Debug|Any CPU
		{EF7E204A-95C9-4671-AA49-752CC29B919F}.Release|Any CPU.ActiveCfg = Release|Any CPU
		{EF7E204A-95C9-4671-AA49-752CC29B919F}.Release|Any CPU.Build.0 = Release|Any CPU
		{A78D2D44-4991-469C-894D-0EF9D0F6EF67}.Debug|Any CPU.ActiveCfg = Debug|Any CPU
		{A78D2D44-4991-469C-894D-0EF9D0F6EF67}.Debug|Any CPU.Build.0 = Debug|Any CPU
		{A78D2D44-4991-469C-894D-0EF9D0F6EF67}.Release|Any CPU.ActiveCfg = Release|Any CPU
		{A78D2D44-4991-469C-894D-0EF9D0F6EF67}.Release|Any CPU.Build.0 = Release|Any CPU
		{02154EF5-DB86-45D7-BF9F-2BB6DF4D6F23}.Debug|Any CPU.ActiveCfg = Debug|Any CPU
		{02154EF5-DB86-45D7-BF9F-2BB6DF4D6F23}.Debug|Any CPU.Build.0 = Debug|Any CPU
		{02154EF5-DB86-45D7-BF9F-2BB6DF4D6F23}.Release|Any CPU.ActiveCfg = Release|Any CPU
		{02154EF5-DB86-45D7-BF9F-2BB6DF4D6F23}.Release|Any CPU.Build.0 = Release|Any CPU
		{B0DE9A2F-404D-41CF-AA91-C12A7AD0A20D}.Debug|Any CPU.ActiveCfg = Debug|Any CPU
		{B0DE9A2F-404D-41CF-AA91-C12A7AD0A20D}.Debug|Any CPU.Build.0 = Debug|Any CPU
		{B0DE9A2F-404D-41CF-AA91-C12A7AD0A20D}.Release|Any CPU.ActiveCfg = Release|Any CPU
		{B0DE9A2F-404D-41CF-AA91-C12A7AD0A20D}.Release|Any CPU.Build.0 = Release|Any CPU
	EndGlobalSection
	GlobalSection(SolutionProperties) = preSolution
		HideSolutionNode = FALSE
	EndGlobalSection
	GlobalSection(ExtensibilityGlobals) = postSolution
		SolutionGuid = {7D3FF6C8-6EE5-4EAD-ADCD-FECFF34FB637}
	EndGlobalSection
EndGlobal
