
Microsoft Visual Studio Solution File, Format Version 12.00
# Visual Studio 15
VisualStudioVersion = 15.0.27004.2006
MinimumVisualStudioVersion = 10.0.40219.1
Project("{FAE04EC0-301F-11D3-BF4B-00C04F79EFBC}") = "01PokeMon", "01PokeMon\01PokeMon.csproj", "{15F80CDF-2688-4AC0-AC66-27B5FD4F2052}"
EndProject
Project("{FAE04EC0-301F-11D3-BF4B-00C04F79EFBC}") = "02PokemonDontGo", "02PokemonDontGo\02PokemonDontGo.csproj", "{AD31C0EF-2AFF-43EE-9DE3-283FA978227B}"
EndProject
Project("{FAE04EC0-301F-11D3-BF4B-00C04F79EFBC}") = "03Regexmon", "03Regexmon\03Regexmon.csproj", "{88380CAB-CBDC-4545-AD0B-BFD016A9B50A}"
EndProject
Project("{FAE04EC0-301F-11D3-BF4B-00C04F79EFBC}") = "04PokemonEvolution", "04PokemonEvolution\04PokemonEvolution.csproj", "{D66261B1-882C-45E5-A84B-F8CF9C0CE9EB}"
EndProject
Project("{FAE04EC0-301F-11D3-BF4B-00C04F79EFBC}") = "04PokemonEvolutionObject", "04PokemonEvolutionObject\04PokemonEvolutionObject.csproj", "{88898B9C-C45B-4A95-8299-A33702F257D0}"
EndProject
Global
	GlobalSection(SolutionConfigurationPlatforms) = preSolution
		Debug|Any CPU = Debug|Any CPU
		Release|Any CPU = Release|Any CPU
	EndGlobalSection
	GlobalSection(ProjectConfigurationPlatforms) = postSolution
		{15F80CDF-2688-4AC0-AC66-27B5FD4F2052}.Debug|Any CPU.ActiveCfg = Debug|Any CPU
		{15F80CDF-2688-4AC0-AC66-27B5FD4F2052}.Debug|Any CPU.Build.0 = Debug|Any CPU
		{15F80CDF-2688-4AC0-AC66-27B5FD4F2052}.Release|Any CPU.ActiveCfg = Release|Any CPU
		{15F80CDF-2688-4AC0-AC66-27B5FD4F2052}.Release|Any CPU.Build.0 = Release|Any CPU
		{AD31C0EF-2AFF-43EE-9DE3-283FA978227B}.Debug|Any CPU.ActiveCfg = Debug|Any CPU
		{AD31C0EF-2AFF-43EE-9DE3-283FA978227B}.Debug|Any CPU.Build.0 = Debug|Any CPU
		{AD31C0EF-2AFF-43EE-9DE3-283FA978227B}.Release|Any CPU.ActiveCfg = Release|Any CPU
		{AD31C0EF-2AFF-43EE-9DE3-283FA978227B}.Release|Any CPU.Build.0 = Release|Any CPU
		{88380CAB-CBDC-4545-AD0B-BFD016A9B50A}.Debug|Any CPU.ActiveCfg = Debug|Any CPU
		{88380CAB-CBDC-4545-AD0B-BFD016A9B50A}.Debug|Any CPU.Build.0 = Debug|Any CPU
		{88380CAB-CBDC-4545-AD0B-BFD016A9B50A}.Release|Any CPU.ActiveCfg = Release|Any CPU
		{88380CAB-CBDC-4545-AD0B-BFD016A9B50A}.Release|Any CPU.Build.0 = Release|Any CPU
		{D66261B1-882C-45E5-A84B-F8CF9C0CE9EB}.Debug|Any CPU.ActiveCfg = Debug|Any CPU
		{D66261B1-882C-45E5-A84B-F8CF9C0CE9EB}.Debug|Any CPU.Build.0 = Debug|Any CPU
		{D66261B1-882C-45E5-A84B-F8CF9C0CE9EB}.Release|Any CPU.ActiveCfg = Release|Any CPU
		{D66261B1-882C-45E5-A84B-F8CF9C0CE9EB}.Release|Any CPU.Build.0 = Release|Any CPU
		{88898B9C-C45B-4A95-8299-A33702F257D0}.Debug|Any CPU.ActiveCfg = Debug|Any CPU
		{88898B9C-C45B-4A95-8299-A33702F257D0}.Debug|Any CPU.Build.0 = Debug|Any CPU
		{88898B9C-C45B-4A95-8299-A33702F257D0}.Release|Any CPU.ActiveCfg = Release|Any CPU
		{88898B9C-C45B-4A95-8299-A33702F257D0}.Release|Any CPU.Build.0 = Release|Any CPU
	EndGlobalSection
	GlobalSection(SolutionProperties) = preSolution
		HideSolutionNode = FALSE
	EndGlobalSection
	GlobalSection(ExtensibilityGlobals) = postSolution
		SolutionGuid = {F6593B8F-209D-48A4-9828-87873BA49353}
	EndGlobalSection
EndGlobal
