
Microsoft Visual Studio Solution File, Format Version 12.00
# Visual Studio 15
VisualStudioVersion = 15.0.27004.2006
MinimumVisualStudioVersion = 10.0.40219.1
Project("{FAE04EC0-301F-11D3-BF4B-00C04F79EFBC}") = "01", "01\01.csproj", "{D39A30FC-3304-4CC6-A0B7-E4815F354CDD}"
EndProject
Project("{FAE04EC0-301F-11D3-BF4B-00C04F79EFBC}") = "02", "02\02.csproj", "{83EB4911-8F63-47AD-8F6D-C97EC4B65739}"
EndProject
Project("{FAE04EC0-301F-11D3-BF4B-00C04F79EFBC}") = "03", "03\03.csproj", "{7F56F382-6A25-4B0D-B1FF-253B01DA05F9}"
EndProject
Project("{FAE04EC0-301F-11D3-BF4B-00C04F79EFBC}") = "04", "04\04.csproj", "{AA43DFBD-587B-4BF0-A7F3-7703BFB47E74}"
EndProject
Project("{FAE04EC0-301F-11D3-BF4B-00C04F79EFBC}") = "04New", "04New\04New.csproj", "{5C19CC47-A702-41F0-9208-2452E490B6ED}"
EndProject
Global
	GlobalSection(SolutionConfigurationPlatforms) = preSolution
		Debug|Any CPU = Debug|Any CPU
		Release|Any CPU = Release|Any CPU
	EndGlobalSection
	GlobalSection(ProjectConfigurationPlatforms) = postSolution
		{D39A30FC-3304-4CC6-A0B7-E4815F354CDD}.Debug|Any CPU.ActiveCfg = Debug|Any CPU
		{D39A30FC-3304-4CC6-A0B7-E4815F354CDD}.Debug|Any CPU.Build.0 = Debug|Any CPU
		{D39A30FC-3304-4CC6-A0B7-E4815F354CDD}.Release|Any CPU.ActiveCfg = Release|Any CPU
		{D39A30FC-3304-4CC6-A0B7-E4815F354CDD}.Release|Any CPU.Build.0 = Release|Any CPU
		{83EB4911-8F63-47AD-8F6D-C97EC4B65739}.Debug|Any CPU.ActiveCfg = Debug|Any CPU
		{83EB4911-8F63-47AD-8F6D-C97EC4B65739}.Debug|Any CPU.Build.0 = Debug|Any CPU
		{83EB4911-8F63-47AD-8F6D-C97EC4B65739}.Release|Any CPU.ActiveCfg = Release|Any CPU
		{83EB4911-8F63-47AD-8F6D-C97EC4B65739}.Release|Any CPU.Build.0 = Release|Any CPU
		{7F56F382-6A25-4B0D-B1FF-253B01DA05F9}.Debug|Any CPU.ActiveCfg = Debug|Any CPU
		{7F56F382-6A25-4B0D-B1FF-253B01DA05F9}.Debug|Any CPU.Build.0 = Debug|Any CPU
		{7F56F382-6A25-4B0D-B1FF-253B01DA05F9}.Release|Any CPU.ActiveCfg = Release|Any CPU
		{7F56F382-6A25-4B0D-B1FF-253B01DA05F9}.Release|Any CPU.Build.0 = Release|Any CPU
		{AA43DFBD-587B-4BF0-A7F3-7703BFB47E74}.Debug|Any CPU.ActiveCfg = Debug|Any CPU
		{AA43DFBD-587B-4BF0-A7F3-7703BFB47E74}.Debug|Any CPU.Build.0 = Debug|Any CPU
		{AA43DFBD-587B-4BF0-A7F3-7703BFB47E74}.Release|Any CPU.ActiveCfg = Release|Any CPU
		{AA43DFBD-587B-4BF0-A7F3-7703BFB47E74}.Release|Any CPU.Build.0 = Release|Any CPU
		{5C19CC47-A702-41F0-9208-2452E490B6ED}.Debug|Any CPU.ActiveCfg = Debug|Any CPU
		{5C19CC47-A702-41F0-9208-2452E490B6ED}.Debug|Any CPU.Build.0 = Debug|Any CPU
		{5C19CC47-A702-41F0-9208-2452E490B6ED}.Release|Any CPU.ActiveCfg = Release|Any CPU
		{5C19CC47-A702-41F0-9208-2452E490B6ED}.Release|Any CPU.Build.0 = Release|Any CPU
	EndGlobalSection
	GlobalSection(SolutionProperties) = preSolution
		HideSolutionNode = FALSE
	EndGlobalSection
	GlobalSection(ExtensibilityGlobals) = postSolution
		SolutionGuid = {A3A73649-C823-475D-9147-1A7733324CDF}
	EndGlobalSection
EndGlobal
