
Microsoft Visual Studio Solution File, Format Version 12.00
# Visual Studio 15
VisualStudioVersion = 15.0.26730.16
MinimumVisualStudioVersion = 10.0.40219.1
Project("{FAE04EC0-301F-11D3-BF4B-00C04F79EFBC}") = "01HelloName", "01HelloName\01HelloName.csproj", "{22F627B1-82D0-4355-B2E7-1A3AAD2F3522}"
EndProject
Project("{FAE04EC0-301F-11D3-BF4B-00C04F79EFBC}") = "02MaxMethod", "02MaxMethod\02MaxMethod.csproj", "{23DF2FCF-4883-47CA-89D5-2A43046F60D9}"
EndProject
Project("{FAE04EC0-301F-11D3-BF4B-00C04F79EFBC}") = "03EnglishNameOfLastDigit", "03EnglishNameOfLastDigit\03EnglishNameOfLastDigit.csproj", "{8E3CC3DD-2D09-42D2-86C6-1FCA0B1F1327}"
EndProject
Project("{FAE04EC0-301F-11D3-BF4B-00C04F79EFBC}") = "04NumbersInReversedOrder", "04NumbersInReversedOrder\04NumbersInReversedOrder.csproj", "{7FCFB583-CC15-437C-B5A1-E6181A81CD52}"
EndProject
Project("{FAE04EC0-301F-11D3-BF4B-00C04F79EFBC}") = "05FibonacciNumbers", "05FibonacciNumbers\05FibonacciNumbers.csproj", "{DB5E7A83-7296-4A60-9963-72507A2022C7}"
EndProject
Project("{FAE04EC0-301F-11D3-BF4B-00C04F79EFBC}") = "06PrimeChecker", "06PrimeChecker\06PrimeChecker.csproj", "{50DFA19F-D1C7-4D3C-B42A-9EEE6184E6A4}"
EndProject
Project("{FAE04EC0-301F-11D3-BF4B-00C04F79EFBC}") = "07PrimesInGivenRange", "07PrimesInGivenRange\07PrimesInGivenRange.csproj", "{0A69A11B-59E3-40D0-8023-54C6A07BC55F}"
EndProject
Project("{FAE04EC0-301F-11D3-BF4B-00C04F79EFBC}") = "08CenterPoint", "08CenterPoint\08CenterPoint.csproj", "{06859084-5971-4A10-BC35-CAFA83984CF3}"
EndProject
Project("{FAE04EC0-301F-11D3-BF4B-00C04F79EFBC}") = "09LongerLine", "09LongerLine\09LongerLine.csproj", "{70ADCA0B-8185-4F28-B32D-A38B74E835E0}"
EndProject
Project("{FAE04EC0-301F-11D3-BF4B-00C04F79EFBC}") = "10CubeProperties", "10CubeProperties\10CubeProperties.csproj", "{BF63FB04-8D58-4D81-A4D3-E9F1CCDD7A40}"
EndProject
Project("{FAE04EC0-301F-11D3-BF4B-00C04F79EFBC}") = "11GeometryCalculator", "11GeometryCalculator\11GeometryCalculator.csproj", "{4AA166A6-8AEF-4E38-851F-BE97A50EBA81}"
EndProject
Project("{FAE04EC0-301F-11D3-BF4B-00C04F79EFBC}") = "12MasterNumber", "12MasterNumber\12MasterNumber.csproj", "{A10C3C17-7CDA-4C2F-B018-9377800D2076}"
EndProject
Project("{FAE04EC0-301F-11D3-BF4B-00C04F79EFBC}") = "13Factorial", "13Factorial\13Factorial.csproj", "{E2C212E0-C9FF-46DB-8E9D-A763B51C2402}"
EndProject
Project("{FAE04EC0-301F-11D3-BF4B-00C04F79EFBC}") = "14FactorialTrailingZeros", "14FactorialTrailingZeros\14FactorialTrailingZeros.csproj", "{FD8ED6FB-69F1-4341-AE22-09FF0BD43E96}"
EndProject
Project("{FAE04EC0-301F-11D3-BF4B-00C04F79EFBC}") = "15DebugSubstring", "15DebugSubstring\15DebugSubstring.csproj", "{B6A03CD9-A727-4476-B901-CD3A9B47C2B5}"
EndProject
Project("{FAE04EC0-301F-11D3-BF4B-00C04F79EFBC}") = "16DebugInstructionSet", "16DebugInstructionSet\16DebugInstructionSet.csproj", "{C417FB37-C4B2-4B42-B8B8-B194E715F551}"
EndProject
Project("{FAE04EC0-301F-11D3-BF4B-00C04F79EFBC}") = "17DebugBePositive", "17DebugBePositive\17DebugBePositive.csproj", "{697B655A-8901-4594-888D-81865B662736}"
EndProject
Project("{FAE04EC0-301F-11D3-BF4B-00C04F79EFBC}") = "18DebugSequenceOfCommands", "18DebugSequenceOfCommands\18DebugSequenceOfCommands.csproj", "{74F85E9E-E175-480E-9213-EA384DDB8690}"
EndProject
Global
	GlobalSection(SolutionConfigurationPlatforms) = preSolution
		Debug|Any CPU = Debug|Any CPU
		Release|Any CPU = Release|Any CPU
	EndGlobalSection
	GlobalSection(ProjectConfigurationPlatforms) = postSolution
		{22F627B1-82D0-4355-B2E7-1A3AAD2F3522}.Debug|Any CPU.ActiveCfg = Debug|Any CPU
		{22F627B1-82D0-4355-B2E7-1A3AAD2F3522}.Debug|Any CPU.Build.0 = Debug|Any CPU
		{22F627B1-82D0-4355-B2E7-1A3AAD2F3522}.Release|Any CPU.ActiveCfg = Release|Any CPU
		{22F627B1-82D0-4355-B2E7-1A3AAD2F3522}.Release|Any CPU.Build.0 = Release|Any CPU
		{23DF2FCF-4883-47CA-89D5-2A43046F60D9}.Debug|Any CPU.ActiveCfg = Debug|Any CPU
		{23DF2FCF-4883-47CA-89D5-2A43046F60D9}.Debug|Any CPU.Build.0 = Debug|Any CPU
		{23DF2FCF-4883-47CA-89D5-2A43046F60D9}.Release|Any CPU.ActiveCfg = Release|Any CPU
		{23DF2FCF-4883-47CA-89D5-2A43046F60D9}.Release|Any CPU.Build.0 = Release|Any CPU
		{8E3CC3DD-2D09-42D2-86C6-1FCA0B1F1327}.Debug|Any CPU.ActiveCfg = Debug|Any CPU
		{8E3CC3DD-2D09-42D2-86C6-1FCA0B1F1327}.Debug|Any CPU.Build.0 = Debug|Any CPU
		{8E3CC3DD-2D09-42D2-86C6-1FCA0B1F1327}.Release|Any CPU.ActiveCfg = Release|Any CPU
		{8E3CC3DD-2D09-42D2-86C6-1FCA0B1F1327}.Release|Any CPU.Build.0 = Release|Any CPU
		{7FCFB583-CC15-437C-B5A1-E6181A81CD52}.Debug|Any CPU.ActiveCfg = Debug|Any CPU
		{7FCFB583-CC15-437C-B5A1-E6181A81CD52}.Debug|Any CPU.Build.0 = Debug|Any CPU
		{7FCFB583-CC15-437C-B5A1-E6181A81CD52}.Release|Any CPU.ActiveCfg = Release|Any CPU
		{7FCFB583-CC15-437C-B5A1-E6181A81CD52}.Release|Any CPU.Build.0 = Release|Any CPU
		{DB5E7A83-7296-4A60-9963-72507A2022C7}.Debug|Any CPU.ActiveCfg = Debug|Any CPU
		{DB5E7A83-7296-4A60-9963-72507A2022C7}.Debug|Any CPU.Build.0 = Debug|Any CPU
		{DB5E7A83-7296-4A60-9963-72507A2022C7}.Release|Any CPU.ActiveCfg = Release|Any CPU
		{DB5E7A83-7296-4A60-9963-72507A2022C7}.Release|Any CPU.Build.0 = Release|Any CPU
		{50DFA19F-D1C7-4D3C-B42A-9EEE6184E6A4}.Debug|Any CPU.ActiveCfg = Debug|Any CPU
		{50DFA19F-D1C7-4D3C-B42A-9EEE6184E6A4}.Debug|Any CPU.Build.0 = Debug|Any CPU
		{50DFA19F-D1C7-4D3C-B42A-9EEE6184E6A4}.Release|Any CPU.ActiveCfg = Release|Any CPU
		{50DFA19F-D1C7-4D3C-B42A-9EEE6184E6A4}.Release|Any CPU.Build.0 = Release|Any CPU
		{0A69A11B-59E3-40D0-8023-54C6A07BC55F}.Debug|Any CPU.ActiveCfg = Debug|Any CPU
		{0A69A11B-59E3-40D0-8023-54C6A07BC55F}.Debug|Any CPU.Build.0 = Debug|Any CPU
		{0A69A11B-59E3-40D0-8023-54C6A07BC55F}.Release|Any CPU.ActiveCfg = Release|Any CPU
		{0A69A11B-59E3-40D0-8023-54C6A07BC55F}.Release|Any CPU.Build.0 = Release|Any CPU
		{06859084-5971-4A10-BC35-CAFA83984CF3}.Debug|Any CPU.ActiveCfg = Debug|Any CPU
		{06859084-5971-4A10-BC35-CAFA83984CF3}.Debug|Any CPU.Build.0 = Debug|Any CPU
		{06859084-5971-4A10-BC35-CAFA83984CF3}.Release|Any CPU.ActiveCfg = Release|Any CPU
		{06859084-5971-4A10-BC35-CAFA83984CF3}.Release|Any CPU.Build.0 = Release|Any CPU
		{70ADCA0B-8185-4F28-B32D-A38B74E835E0}.Debug|Any CPU.ActiveCfg = Debug|Any CPU
		{70ADCA0B-8185-4F28-B32D-A38B74E835E0}.Debug|Any CPU.Build.0 = Debug|Any CPU
		{70ADCA0B-8185-4F28-B32D-A38B74E835E0}.Release|Any CPU.ActiveCfg = Release|Any CPU
		{70ADCA0B-8185-4F28-B32D-A38B74E835E0}.Release|Any CPU.Build.0 = Release|Any CPU
		{BF63FB04-8D58-4D81-A4D3-E9F1CCDD7A40}.Debug|Any CPU.ActiveCfg = Debug|Any CPU
		{BF63FB04-8D58-4D81-A4D3-E9F1CCDD7A40}.Debug|Any CPU.Build.0 = Debug|Any CPU
		{BF63FB04-8D58-4D81-A4D3-E9F1CCDD7A40}.Release|Any CPU.ActiveCfg = Release|Any CPU
		{BF63FB04-8D58-4D81-A4D3-E9F1CCDD7A40}.Release|Any CPU.Build.0 = Release|Any CPU
		{4AA166A6-8AEF-4E38-851F-BE97A50EBA81}.Debug|Any CPU.ActiveCfg = Debug|Any CPU
		{4AA166A6-8AEF-4E38-851F-BE97A50EBA81}.Debug|Any CPU.Build.0 = Debug|Any CPU
		{4AA166A6-8AEF-4E38-851F-BE97A50EBA81}.Release|Any CPU.ActiveCfg = Release|Any CPU
		{4AA166A6-8AEF-4E38-851F-BE97A50EBA81}.Release|Any CPU.Build.0 = Release|Any CPU
		{A10C3C17-7CDA-4C2F-B018-9377800D2076}.Debug|Any CPU.ActiveCfg = Debug|Any CPU
		{A10C3C17-7CDA-4C2F-B018-9377800D2076}.Debug|Any CPU.Build.0 = Debug|Any CPU
		{A10C3C17-7CDA-4C2F-B018-9377800D2076}.Release|Any CPU.ActiveCfg = Release|Any CPU
		{A10C3C17-7CDA-4C2F-B018-9377800D2076}.Release|Any CPU.Build.0 = Release|Any CPU
		{E2C212E0-C9FF-46DB-8E9D-A763B51C2402}.Debug|Any CPU.ActiveCfg = Debug|Any CPU
		{E2C212E0-C9FF-46DB-8E9D-A763B51C2402}.Debug|Any CPU.Build.0 = Debug|Any CPU
		{E2C212E0-C9FF-46DB-8E9D-A763B51C2402}.Release|Any CPU.ActiveCfg = Release|Any CPU
		{E2C212E0-C9FF-46DB-8E9D-A763B51C2402}.Release|Any CPU.Build.0 = Release|Any CPU
		{FD8ED6FB-69F1-4341-AE22-09FF0BD43E96}.Debug|Any CPU.ActiveCfg = Debug|Any CPU
		{FD8ED6FB-69F1-4341-AE22-09FF0BD43E96}.Debug|Any CPU.Build.0 = Debug|Any CPU
		{FD8ED6FB-69F1-4341-AE22-09FF0BD43E96}.Release|Any CPU.ActiveCfg = Release|Any CPU
		{FD8ED6FB-69F1-4341-AE22-09FF0BD43E96}.Release|Any CPU.Build.0 = Release|Any CPU
		{B6A03CD9-A727-4476-B901-CD3A9B47C2B5}.Debug|Any CPU.ActiveCfg = Debug|Any CPU
		{B6A03CD9-A727-4476-B901-CD3A9B47C2B5}.Debug|Any CPU.Build.0 = Debug|Any CPU
		{B6A03CD9-A727-4476-B901-CD3A9B47C2B5}.Release|Any CPU.ActiveCfg = Release|Any CPU
		{B6A03CD9-A727-4476-B901-CD3A9B47C2B5}.Release|Any CPU.Build.0 = Release|Any CPU
		{C417FB37-C4B2-4B42-B8B8-B194E715F551}.Debug|Any CPU.ActiveCfg = Debug|Any CPU
		{C417FB37-C4B2-4B42-B8B8-B194E715F551}.Debug|Any CPU.Build.0 = Debug|Any CPU
		{C417FB37-C4B2-4B42-B8B8-B194E715F551}.Release|Any CPU.ActiveCfg = Release|Any CPU
		{C417FB37-C4B2-4B42-B8B8-B194E715F551}.Release|Any CPU.Build.0 = Release|Any CPU
		{697B655A-8901-4594-888D-81865B662736}.Debug|Any CPU.ActiveCfg = Debug|Any CPU
		{697B655A-8901-4594-888D-81865B662736}.Debug|Any CPU.Build.0 = Debug|Any CPU
		{697B655A-8901-4594-888D-81865B662736}.Release|Any CPU.ActiveCfg = Release|Any CPU
		{697B655A-8901-4594-888D-81865B662736}.Release|Any CPU.Build.0 = Release|Any CPU
		{74F85E9E-E175-480E-9213-EA384DDB8690}.Debug|Any CPU.ActiveCfg = Debug|Any CPU
		{74F85E9E-E175-480E-9213-EA384DDB8690}.Debug|Any CPU.Build.0 = Debug|Any CPU
		{74F85E9E-E175-480E-9213-EA384DDB8690}.Release|Any CPU.ActiveCfg = Release|Any CPU
		{74F85E9E-E175-480E-9213-EA384DDB8690}.Release|Any CPU.Build.0 = Release|Any CPU
	EndGlobalSection
	GlobalSection(SolutionProperties) = preSolution
		HideSolutionNode = FALSE
	EndGlobalSection
	GlobalSection(ExtensibilityGlobals) = postSolution
		SolutionGuid = {AB851E04-AB93-4207-B258-61C1D529116D}
	EndGlobalSection
EndGlobal
